// !$*UTF8*$!
{
	archiveVersion = 1;
	classes = {
	};
	objectVersion = 50;
	objects = {

/* Begin PBXBuildFile section */
		C6ACB4922139D867007B1FA3 /* EasyImagy.framework in Frameworks */ = {isa = PBXBuildFile; fileRef = C6ACB48F2139D866007B1FA3 /* EasyImagy.framework */; };
		C6ACB4932139D867007B1FA3 /* EasyImagy.framework in Embed Frameworks */ = {isa = PBXBuildFile; fileRef = C6ACB48F2139D866007B1FA3 /* EasyImagy.framework */; settings = {ATTRIBUTES = (CodeSignOnCopy, RemoveHeadersOnCopy, ); }; };
		C6ACB4942139D867007B1FA3 /* EasyCamery.framework in Frameworks */ = {isa = PBXBuildFile; fileRef = C6ACB4902139D867007B1FA3 /* EasyCamery.framework */; };
		C6ACB4952139D867007B1FA3 /* EasyCamery.framework in Embed Frameworks */ = {isa = PBXBuildFile; fileRef = C6ACB4902139D867007B1FA3 /* EasyCamery.framework */; settings = {ATTRIBUTES = (CodeSignOnCopy, RemoveHeadersOnCopy, ); }; };
		C6ACB4962139D867007B1FA3 /* Surge.framework in Frameworks */ = {isa = PBXBuildFile; fileRef = C6ACB4912139D867007B1FA3 /* Surge.framework */; };
		C6ACB4972139D867007B1FA3 /* Surge.framework in Embed Frameworks */ = {isa = PBXBuildFile; fileRef = C6ACB4912139D867007B1FA3 /* Surge.framework */; settings = {ATTRIBUTES = (CodeSignOnCopy, RemoveHeadersOnCopy, ); }; };
		C6DA03AC2132E1AE00797434 /* AppDelegate.swift in Sources */ = {isa = PBXBuildFile; fileRef = C6DA03AB2132E1AE00797434 /* AppDelegate.swift */; };
		C6DA03AE2132E1AE00797434 /* ViewController.swift in Sources */ = {isa = PBXBuildFile; fileRef = C6DA03AD2132E1AE00797434 /* ViewController.swift */; };
		C6DA03B12132E1AE00797434 /* Main.storyboard in Resources */ = {isa = PBXBuildFile; fileRef = C6DA03AF2132E1AE00797434 /* Main.storyboard */; };
		C6DA03B32132E1B100797434 /* Assets.xcassets in Resources */ = {isa = PBXBuildFile; fileRef = C6DA03B22132E1B100797434 /* Assets.xcassets */; };
		C6DA03B62132E1B100797434 /* LaunchScreen.storyboard in Resources */ = {isa = PBXBuildFile; fileRef = C6DA03B42132E1B100797434 /* LaunchScreen.storyboard */; };
		C6DA03C12132E1B100797434 /* Akari_TrialTests.swift in Sources */ = {isa = PBXBuildFile; fileRef = C6DA03C02132E1B100797434 /* Akari_TrialTests.swift */; };
		C6DA03CC2132E1B200797434 /* Akari_TrialUITests.swift in Sources */ = {isa = PBXBuildFile; fileRef = C6DA03CB2132E1B200797434 /* Akari_TrialUITests.swift */; };
		C6DA03E12132E58C00797434 /* FalseViewController.swift in Sources */ = {isa = PBXBuildFile; fileRef = C6DA03DF2132E58C00797434 /* FalseViewController.swift */; };
		C6DA03E22132E58C00797434 /* TrueViewController.swift in Sources */ = {isa = PBXBuildFile; fileRef = C6DA03E02132E58C00797434 /* TrueViewController.swift */; };
		C6DA03EC2132E5D500797434 /* FalsePic.jpg in Resources */ = {isa = PBXBuildFile; fileRef = C6DA03E92132E5D500797434 /* FalsePic.jpg */; };
		C6DA03ED2132E5D500797434 /* TruePic.jpg in Resources */ = {isa = PBXBuildFile; fileRef = C6DA03EA2132E5D500797434 /* TruePic.jpg */; };
		C6DA03EE2132E5D500797434 /* S__59351050.jpg in Resources */ = {isa = PBXBuildFile; fileRef = C6DA03EB2132E5D500797434 /* S__59351050.jpg */; };
		C6DA03F42132E5E500797434 /* DetectPeakOfSpectrum.swift in Sources */ = {isa = PBXBuildFile; fileRef = C6DA03F02132E5E500797434 /* DetectPeakOfSpectrum.swift */; };
		C6DA03F52132E5E500797434 /* MultiplyWindowToTimeAxisWaveForm.swift in Sources */ = {isa = PBXBuildFile; fileRef = C6DA03F12132E5E500797434 /* MultiplyWindowToTimeAxisWaveForm.swift */; };
		C6DA03F62132E5E500797434 /* TimeAxisWaveFormPlot.swift in Sources */ = {isa = PBXBuildFile; fileRef = C6DA03F22132E5E500797434 /* TimeAxisWaveFormPlot.swift */; };
		C6DA03F72132E5E500797434 /* TimeAxisWaveFormGenerate.swift in Sources */ = {isa = PBXBuildFile; fileRef = C6DA03F32132E5E500797434 /* TimeAxisWaveFormGenerate.swift */; };
		C6DA04DC2132E79000797434 /* CloudKit.framework in Frameworks */ = {isa = PBXBuildFile; fileRef = C6DA04DB2132E79000797434 /* CloudKit.framework */; };
/* End PBXBuildFile section */

/* Begin PBXContainerItemProxy section */
		C6DA03BD2132E1B100797434 /* PBXContainerItemProxy */ = {
			isa = PBXContainerItemProxy;
			containerPortal = C6DA03A02132E1AE00797434 /* Project object */;
			proxyType = 1;
			remoteGlobalIDString = C6DA03A72132E1AE00797434;
			remoteInfo = Akari_Trial;
		};
		C6DA03C82132E1B200797434 /* PBXContainerItemProxy */ = {
			isa = PBXContainerItemProxy;
			containerPortal = C6DA03A02132E1AE00797434 /* Project object */;
			proxyType = 1;
			remoteGlobalIDString = C6DA03A72132E1AE00797434;
			remoteInfo = Akari_Trial;
		};
/* End PBXContainerItemProxy section */

/* Begin PBXCopyFilesBuildPhase section */
		C6DA04D92132E75500797434 /* Embed Frameworks */ = {
			isa = PBXCopyFilesBuildPhase;
			buildActionMask = 2147483647;
			dstPath = "";
			dstSubfolderSpec = 10;
			files = (
				C6ACB4972139D867007B1FA3 /* Surge.framework in Embed Frameworks */,
				C6ACB4932139D867007B1FA3 /* EasyImagy.framework in Embed Frameworks */,
				C6ACB4952139D867007B1FA3 /* EasyCamery.framework in Embed Frameworks */,
			);
			name = "Embed Frameworks";
			runOnlyForDeploymentPostprocessing = 0;
		};
/* End PBXCopyFilesBuildPhase section */

/* Begin PBXFileReference section */
		C6ACB48F2139D866007B1FA3 /* EasyImagy.framework */ = {isa = PBXFileReference; lastKnownFileType = wrapper.framework; path = EasyImagy.framework; sourceTree = "<group>"; };
		C6ACB4902139D867007B1FA3 /* EasyCamery.framework */ = {isa = PBXFileReference; lastKnownFileType = wrapper.framework; path = EasyCamery.framework; sourceTree = "<group>"; };
		C6ACB4912139D867007B1FA3 /* Surge.framework */ = {isa = PBXFileReference; lastKnownFileType = wrapper.framework; path = Surge.framework; sourceTree = "<group>"; };
		C6DA03A82132E1AE00797434 /* Akari_Trial.app */ = {isa = PBXFileReference; explicitFileType = wrapper.application; includeInIndex = 0; path = Akari_Trial.app; sourceTree = BUILT_PRODUCTS_DIR; };
		C6DA03AB2132E1AE00797434 /* AppDelegate.swift */ = {isa = PBXFileReference; lastKnownFileType = sourcecode.swift; path = AppDelegate.swift; sourceTree = "<group>"; };
		C6DA03AD2132E1AE00797434 /* ViewController.swift */ = {isa = PBXFileReference; lastKnownFileType = sourcecode.swift; path = ViewController.swift; sourceTree = "<group>"; };
		C6DA03B02132E1AE00797434 /* Base */ = {isa = PBXFileReference; lastKnownFileType = file.storyboard; name = Base; path = Base.lproj/Main.storyboard; sourceTree = "<group>"; };
		C6DA03B22132E1B100797434 /* Assets.xcassets */ = {isa = PBXFileReference; lastKnownFileType = folder.assetcatalog; path = Assets.xcassets; sourceTree = "<group>"; };
		C6DA03B52132E1B100797434 /* Base */ = {isa = PBXFileReference; lastKnownFileType = file.storyboard; name = Base; path = Base.lproj/LaunchScreen.storyboard; sourceTree = "<group>"; };
		C6DA03B72132E1B100797434 /* Info.plist */ = {isa = PBXFileReference; lastKnownFileType = text.plist.xml; path = Info.plist; sourceTree = "<group>"; };
		C6DA03BC2132E1B100797434 /* Akari_TrialTests.xctest */ = {isa = PBXFileReference; explicitFileType = wrapper.cfbundle; includeInIndex = 0; path = Akari_TrialTests.xctest; sourceTree = BUILT_PRODUCTS_DIR; };
		C6DA03C02132E1B100797434 /* Akari_TrialTests.swift */ = {isa = PBXFileReference; lastKnownFileType = sourcecode.swift; path = Akari_TrialTests.swift; sourceTree = "<group>"; };
		C6DA03C22132E1B200797434 /* Info.plist */ = {isa = PBXFileReference; lastKnownFileType = text.plist.xml; path = Info.plist; sourceTree = "<group>"; };
		C6DA03C72132E1B200797434 /* Akari_TrialUITests.xctest */ = {isa = PBXFileReference; explicitFileType = wrapper.cfbundle; includeInIndex = 0; path = Akari_TrialUITests.xctest; sourceTree = BUILT_PRODUCTS_DIR; };
		C6DA03CB2132E1B200797434 /* Akari_TrialUITests.swift */ = {isa = PBXFileReference; lastKnownFileType = sourcecode.swift; path = Akari_TrialUITests.swift; sourceTree = "<group>"; };
		C6DA03CD2132E1B200797434 /* Info.plist */ = {isa = PBXFileReference; lastKnownFileType = text.plist.xml; path = Info.plist; sourceTree = "<group>"; };
		C6DA03DF2132E58C00797434 /* FalseViewController.swift */ = {isa = PBXFileReference; fileEncoding = 4; lastKnownFileType = sourcecode.swift; path = FalseViewController.swift; sourceTree = "<group>"; };
		C6DA03E02132E58C00797434 /* TrueViewController.swift */ = {isa = PBXFileReference; fileEncoding = 4; lastKnownFileType = sourcecode.swift; path = TrueViewController.swift; sourceTree = "<group>"; };
		C6DA03E92132E5D500797434 /* FalsePic.jpg */ = {isa = PBXFileReference; lastKnownFileType = image.jpeg; path = FalsePic.jpg; sourceTree = "<group>"; };
		C6DA03EA2132E5D500797434 /* TruePic.jpg */ = {isa = PBXFileReference; lastKnownFileType = image.jpeg; path = TruePic.jpg; sourceTree = "<group>"; };
		C6DA03EB2132E5D500797434 /* S__59351050.jpg */ = {isa = PBXFileReference; lastKnownFileType = image.jpeg; path = S__59351050.jpg; sourceTree = "<group>"; };
		C6DA03F02132E5E500797434 /* DetectPeakOfSpectrum.swift */ = {isa = PBXFileReference; fileEncoding = 4; lastKnownFileType = sourcecode.swift; path = DetectPeakOfSpectrum.swift; sourceTree = "<group>"; };
		C6DA03F12132E5E500797434 /* MultiplyWindowToTimeAxisWaveForm.swift */ = {isa = PBXFileReference; fileEncoding = 4; lastKnownFileType = sourcecode.swift; path = MultiplyWindowToTimeAxisWaveForm.swift; sourceTree = "<group>"; };
		C6DA03F22132E5E500797434 /* TimeAxisWaveFormPlot.swift */ = {isa = PBXFileReference; fileEncoding = 4; lastKnownFileType = sourcecode.swift; path = TimeAxisWaveFormPlot.swift; sourceTree = "<group>"; };
		C6DA03F32132E5E500797434 /* TimeAxisWaveFormGenerate.swift */ = {isa = PBXFileReference; fileEncoding = 4; lastKnownFileType = sourcecode.swift; path = TimeAxisWaveFormGenerate.swift; sourceTree = "<group>"; };
		C6DA04DB2132E79000797434 /* CloudKit.framework */ = {isa = PBXFileReference; lastKnownFileType = wrapper.framework; name = CloudKit.framework; path = System/Library/Frameworks/CloudKit.framework; sourceTree = SDKROOT; };
/* End PBXFileReference section */

/* Begin PBXFrameworksBuildPhase section */
		C6DA03A52132E1AE00797434 /* Frameworks */ = {
			isa = PBXFrameworksBuildPhase;
			buildActionMask = 2147483647;
			files = (
				C6ACB4942139D867007B1FA3 /* EasyCamery.framework in Frameworks */,
				C6ACB4962139D867007B1FA3 /* Surge.framework in Frameworks */,
				C6ACB4922139D867007B1FA3 /* EasyImagy.framework in Frameworks */,
				C6DA04DC2132E79000797434 /* CloudKit.framework in Frameworks */,
			);
			runOnlyForDeploymentPostprocessing = 0;
		};
		C6DA03B92132E1B100797434 /* Frameworks */ = {
			isa = PBXFrameworksBuildPhase;
			buildActionMask = 2147483647;
			files = (
			);
			runOnlyForDeploymentPostprocessing = 0;
		};
		C6DA03C42132E1B200797434 /* Frameworks */ = {
			isa = PBXFrameworksBuildPhase;
			buildActionMask = 2147483647;
			files = (
			);
			runOnlyForDeploymentPostprocessing = 0;
		};
/* End PBXFrameworksBuildPhase section */

/* Begin PBXGroup section */
		C6DA039F2132E1AE00797434 = {
			isa = PBXGroup;
			children = (
				C6ACB4902139D867007B1FA3 /* EasyCamery.framework */,
				C6ACB48F2139D866007B1FA3 /* EasyImagy.framework */,
				C6ACB4912139D867007B1FA3 /* Surge.framework */,
				C6DA03AA2132E1AE00797434 /* Akari_Trial */,
				C6DA03BF2132E1B100797434 /* Akari_TrialTests */,
				C6DA03CA2132E1B200797434 /* Akari_TrialUITests */,
				C6DA03A92132E1AE00797434 /* Products */,
				C6DA04DA2132E78F00797434 /* Frameworks */,
			);
			sourceTree = "<group>";
		};
		C6DA03A92132E1AE00797434 /* Products */ = {
			isa = PBXGroup;
			children = (
				C6DA03A82132E1AE00797434 /* Akari_Trial.app */,
				C6DA03BC2132E1B100797434 /* Akari_TrialTests.xctest */,
				C6DA03C72132E1B200797434 /* Akari_TrialUITests.xctest */,
			);
			name = Products;
			sourceTree = "<group>";
		};
		C6DA03AA2132E1AE00797434 /* Akari_Trial */ = {
			isa = PBXGroup;
			children = (
				C6DA03EF2132E5E500797434 /* class */,
				C6DA03E92132E5D500797434 /* FalsePic.jpg */,
				C6DA03EB2132E5D500797434 /* S__59351050.jpg */,
				C6DA03EA2132E5D500797434 /* TruePic.jpg */,
				C6DA03DF2132E58C00797434 /* FalseViewController.swift */,
				C6DA03E02132E58C00797434 /* TrueViewController.swift */,
				C6DA03AB2132E1AE00797434 /* AppDelegate.swift */,
				C6DA03AD2132E1AE00797434 /* ViewController.swift */,
				C6DA03AF2132E1AE00797434 /* Main.storyboard */,
				C6DA03B22132E1B100797434 /* Assets.xcassets */,
				C6DA03B42132E1B100797434 /* LaunchScreen.storyboard */,
				C6DA03B72132E1B100797434 /* Info.plist */,
			);
			path = Akari_Trial;
			sourceTree = "<group>";
		};
		C6DA03BF2132E1B100797434 /* Akari_TrialTests */ = {
			isa = PBXGroup;
			children = (
				C6DA03C02132E1B100797434 /* Akari_TrialTests.swift */,
				C6DA03C22132E1B200797434 /* Info.plist */,
			);
			path = Akari_TrialTests;
			sourceTree = "<group>";
		};
		C6DA03CA2132E1B200797434 /* Akari_TrialUITests */ = {
			isa = PBXGroup;
			children = (
				C6DA03CB2132E1B200797434 /* Akari_TrialUITests.swift */,
				C6DA03CD2132E1B200797434 /* Info.plist */,
			);
			path = Akari_TrialUITests;
			sourceTree = "<group>";
		};
		C6DA03EF2132E5E500797434 /* class */ = {
			isa = PBXGroup;
			children = (
				C6DA03F02132E5E500797434 /* DetectPeakOfSpectrum.swift */,
				C6DA03F12132E5E500797434 /* MultiplyWindowToTimeAxisWaveForm.swift */,
				C6DA03F22132E5E500797434 /* TimeAxisWaveFormPlot.swift */,
				C6DA03F32132E5E500797434 /* TimeAxisWaveFormGenerate.swift */,
			);
			path = class;
			sourceTree = "<group>";
		};
		C6DA04DA2132E78F00797434 /* Frameworks */ = {
			isa = PBXGroup;
			children = (
				C6DA04DB2132E79000797434 /* CloudKit.framework */,
			);
			name = Frameworks;
			sourceTree = "<group>";
		};
/* End PBXGroup section */

/* Begin PBXNativeTarget section */
		C6DA03A72132E1AE00797434 /* Akari_Trial */ = {
			isa = PBXNativeTarget;
			buildConfigurationList = C6DA03D02132E1B200797434 /* Build configuration list for PBXNativeTarget "Akari_Trial" */;
			buildPhases = (
				C6DA03A42132E1AE00797434 /* Sources */,
				C6DA03A52132E1AE00797434 /* Frameworks */,
				C6DA03A62132E1AE00797434 /* Resources */,
				C6DA04D92132E75500797434 /* Embed Frameworks */,
			);
			buildRules = (
			);
			dependencies = (
			);
			name = Akari_Trial;
			productName = Akari_Trial;
			productReference = C6DA03A82132E1AE00797434 /* Akari_Trial.app */;
			productType = "com.apple.product-type.application";
		};
		C6DA03BB2132E1B100797434 /* Akari_TrialTests */ = {
			isa = PBXNativeTarget;
			buildConfigurationList = C6DA03D32132E1B200797434 /* Build configuration list for PBXNativeTarget "Akari_TrialTests" */;
			buildPhases = (
				C6DA03B82132E1B100797434 /* Sources */,
				C6DA03B92132E1B100797434 /* Frameworks */,
				C6DA03BA2132E1B100797434 /* Resources */,
			);
			buildRules = (
			);
			dependencies = (
				C6DA03BE2132E1B100797434 /* PBXTargetDependency */,
			);
			name = Akari_TrialTests;
			productName = Akari_TrialTests;
			productReference = C6DA03BC2132E1B100797434 /* Akari_TrialTests.xctest */;
			productType = "com.apple.product-type.bundle.unit-test";
		};
		C6DA03C62132E1B200797434 /* Akari_TrialUITests */ = {
			isa = PBXNativeTarget;
			buildConfigurationList = C6DA03D62132E1B200797434 /* Build configuration list for PBXNativeTarget "Akari_TrialUITests" */;
			buildPhases = (
				C6DA03C32132E1B200797434 /* Sources */,
				C6DA03C42132E1B200797434 /* Frameworks */,
				C6DA03C52132E1B200797434 /* Resources */,
			);
			buildRules = (
			);
			dependencies = (
				C6DA03C92132E1B200797434 /* PBXTargetDependency */,
			);
			name = Akari_TrialUITests;
			productName = Akari_TrialUITests;
			productReference = C6DA03C72132E1B200797434 /* Akari_TrialUITests.xctest */;
			productType = "com.apple.product-type.bundle.ui-testing";
		};
/* End PBXNativeTarget section */

/* Begin PBXProject section */
		C6DA03A02132E1AE00797434 /* Project object */ = {
			isa = PBXProject;
			attributes = {
				LastSwiftUpdateCheck = 0940;
				LastUpgradeCheck = 0940;
				ORGANIZATIONNAME = Hirohito;
				TargetAttributes = {
					C6DA03A72132E1AE00797434 = {
						CreatedOnToolsVersion = 9.4.1;
					};
					C6DA03BB2132E1B100797434 = {
						CreatedOnToolsVersion = 9.4.1;
						TestTargetID = C6DA03A72132E1AE00797434;
					};
					C6DA03C62132E1B200797434 = {
						CreatedOnToolsVersion = 9.4.1;
						TestTargetID = C6DA03A72132E1AE00797434;
					};
				};
			};
			buildConfigurationList = C6DA03A32132E1AE00797434 /* Build configuration list for PBXProject "Akari_Trial" */;
			compatibilityVersion = "Xcode 9.3";
			developmentRegion = en;
			hasScannedForEncodings = 0;
			knownRegions = (
				en,
				Base,
			);
			mainGroup = C6DA039F2132E1AE00797434;
			productRefGroup = C6DA03A92132E1AE00797434 /* Products */;
			projectDirPath = "";
			projectRoot = "";
			targets = (
				C6DA03A72132E1AE00797434 /* Akari_Trial */,
				C6DA03BB2132E1B100797434 /* Akari_TrialTests */,
				C6DA03C62132E1B200797434 /* Akari_TrialUITests */,
			);
		};
/* End PBXProject section */

/* Begin PBXResourcesBuildPhase section */
		C6DA03A62132E1AE00797434 /* Resources */ = {
			isa = PBXResourcesBuildPhase;
			buildActionMask = 2147483647;
			files = (
				C6DA03B62132E1B100797434 /* LaunchScreen.storyboard in Resources */,
				C6DA03ED2132E5D500797434 /* TruePic.jpg in Resources */,
				C6DA03B32132E1B100797434 /* Assets.xcassets in Resources */,
				C6DA03EC2132E5D500797434 /* FalsePic.jpg in Resources */,
				C6DA03B12132E1AE00797434 /* Main.storyboard in Resources */,
				C6DA03EE2132E5D500797434 /* S__59351050.jpg in Resources */,
			);
			runOnlyForDeploymentPostprocessing = 0;
		};
		C6DA03BA2132E1B100797434 /* Resources */ = {
			isa = PBXResourcesBuildPhase;
			buildActionMask = 2147483647;
			files = (
			);
			runOnlyForDeploymentPostprocessing = 0;
		};
		C6DA03C52132E1B200797434 /* Resources */ = {
			isa = PBXResourcesBuildPhase;
			buildActionMask = 2147483647;
			files = (
			);
			runOnlyForDeploymentPostprocessing = 0;
		};
/* End PBXResourcesBuildPhase section */

/* Begin PBXSourcesBuildPhase section */
		C6DA03A42132E1AE00797434 /* Sources */ = {
			isa = PBXSourcesBuildPhase;
			buildActionMask = 2147483647;
			files = (
				C6DA03E12132E58C00797434 /* FalseViewController.swift in Sources */,
				C6DA03F42132E5E500797434 /* DetectPeakOfSpectrum.swift in Sources */,
				C6DA03AE2132E1AE00797434 /* ViewController.swift in Sources */,
				C6DA03E22132E58C00797434 /* TrueViewController.swift in Sources */,
				C6DA03AC2132E1AE00797434 /* AppDelegate.swift in Sources */,
				C6DA03F52132E5E500797434 /* MultiplyWindowToTimeAxisWaveForm.swift in Sources */,
				C6DA03F62132E5E500797434 /* TimeAxisWaveFormPlot.swift in Sources */,
				C6DA03F72132E5E500797434 /* TimeAxisWaveFormGenerate.swift in Sources */,
			);
			runOnlyForDeploymentPostprocessing = 0;
		};
		C6DA03B82132E1B100797434 /* Sources */ = {
			isa = PBXSourcesBuildPhase;
			buildActionMask = 2147483647;
			files = (
				C6DA03C12132E1B100797434 /* Akari_TrialTests.swift in Sources */,
			);
			runOnlyForDeploymentPostprocessing = 0;
		};
		C6DA03C32132E1B200797434 /* Sources */ = {
			isa = PBXSourcesBuildPhase;
			buildActionMask = 2147483647;
			files = (
				C6DA03CC2132E1B200797434 /* Akari_TrialUITests.swift in Sources */,
			);
			runOnlyForDeploymentPostprocessing = 0;
		};
/* End PBXSourcesBuildPhase section */

/* Begin PBXTargetDependency section */
		C6DA03BE2132E1B100797434 /* PBXTargetDependency */ = {
			isa = PBXTargetDependency;
			target = C6DA03A72132E1AE00797434 /* Akari_Trial */;
			targetProxy = C6DA03BD2132E1B100797434 /* PBXContainerItemProxy */;
		};
		C6DA03C92132E1B200797434 /* PBXTargetDependency */ = {
			isa = PBXTargetDependency;
			target = C6DA03A72132E1AE00797434 /* Akari_Trial */;
			targetProxy = C6DA03C82132E1B200797434 /* PBXContainerItemProxy */;
		};
/* End PBXTargetDependency section */

/* Begin PBXVariantGroup section */
		C6DA03AF2132E1AE00797434 /* Main.storyboard */ = {
			isa = PBXVariantGroup;
			children = (
				C6DA03B02132E1AE00797434 /* Base */,
			);
			name = Main.storyboard;
			sourceTree = "<group>";
		};
		C6DA03B42132E1B100797434 /* LaunchScreen.storyboard */ = {
			isa = PBXVariantGroup;
			children = (
				C6DA03B52132E1B100797434 /* Base */,
			);
			name = LaunchScreen.storyboard;
			sourceTree = "<group>";
		};
/* End PBXVariantGroup section */

/* Begin XCBuildConfiguration section */
		C6DA03CE2132E1B200797434 /* Debug */ = {
			isa = XCBuildConfiguration;
			buildSettings = {
				ALWAYS_SEARCH_USER_PATHS = NO;
				CLANG_ANALYZER_NONNULL = YES;
				CLANG_ANALYZER_NUMBER_OBJECT_CONVERSION = YES_AGGRESSIVE;
				CLANG_CXX_LANGUAGE_STANDARD = "gnu++14";
				CLANG_CXX_LIBRARY = "libc++";
				CLANG_ENABLE_MODULES = YES;
				CLANG_ENABLE_OBJC_ARC = YES;
				CLANG_ENABLE_OBJC_WEAK = YES;
				CLANG_WARN_BLOCK_CAPTURE_AUTORELEASING = YES;
				CLANG_WARN_BOOL_CONVERSION = YES;
				CLANG_WARN_COMMA = YES;
				CLANG_WARN_CONSTANT_CONVERSION = YES;
				CLANG_WARN_DEPRECATED_OBJC_IMPLEMENTATIONS = YES;
				CLANG_WARN_DIRECT_OBJC_ISA_USAGE = YES_ERROR;
				CLANG_WARN_DOCUMENTATION_COMMENTS = YES;
				CLANG_WARN_EMPTY_BODY = YES;
				CLANG_WARN_ENUM_CONVERSION = YES;
				CLANG_WARN_INFINITE_RECURSION = YES;
				CLANG_WARN_INT_CONVERSION = YES;
				CLANG_WARN_NON_LITERAL_NULL_CONVERSION = YES;
				CLANG_WARN_OBJC_IMPLICIT_RETAIN_SELF = YES;
				CLANG_WARN_OBJC_LITERAL_CONVERSION = YES;
				CLANG_WARN_OBJC_ROOT_CLASS = YES_ERROR;
				CLANG_WARN_RANGE_LOOP_ANALYSIS = YES;
				CLANG_WARN_STRICT_PROTOTYPES = YES;
				CLANG_WARN_SUSPICIOUS_MOVE = YES;
				CLANG_WARN_UNGUARDED_AVAILABILITY = YES_AGGRESSIVE;
				CLANG_WARN_UNREACHABLE_CODE = YES;
				CLANG_WARN__DUPLICATE_METHOD_MATCH = YES;
				CODE_SIGN_IDENTITY = "iPhone Developer";
				COPY_PHASE_STRIP = NO;
				DEBUG_INFORMATION_FORMAT = dwarf;
				ENABLE_STRICT_OBJC_MSGSEND = YES;
				ENABLE_TESTABILITY = YES;
				GCC_C_LANGUAGE_STANDARD = gnu11;
				GCC_DYNAMIC_NO_PIC = NO;
				GCC_NO_COMMON_BLOCKS = YES;
				GCC_OPTIMIZATION_LEVEL = 0;
				GCC_PREPROCESSOR_DEFINITIONS = (
					"DEBUG=1",
					"$(inherited)",
				);
				GCC_WARN_64_TO_32_BIT_CONVERSION = YES;
				GCC_WARN_ABOUT_RETURN_TYPE = YES_ERROR;
				GCC_WARN_UNDECLARED_SELECTOR = YES;
				GCC_WARN_UNINITIALIZED_AUTOS = YES_AGGRESSIVE;
				GCC_WARN_UNUSED_FUNCTION = YES;
				GCC_WARN_UNUSED_VARIABLE = YES;
				IPHONEOS_DEPLOYMENT_TARGET = 11.4;
				MTL_ENABLE_DEBUG_INFO = YES;
				ONLY_ACTIVE_ARCH = YES;
				SDKROOT = iphoneos;
				SWIFT_ACTIVE_COMPILATION_CONDITIONS = DEBUG;
				SWIFT_OPTIMIZATION_LEVEL = "-Onone";
			};
			name = Debug;
		};
		C6DA03CF2132E1B200797434 /* Release */ = {
			isa = XCBuildConfiguration;
			buildSettings = {
				ALWAYS_SEARCH_USER_PATHS = NO;
				CLANG_ANALYZER_NONNULL = YES;
				CLANG_ANALYZER_NUMBER_OBJECT_CONVERSION = YES_AGGRESSIVE;
				CLANG_CXX_LANGUAGE_STANDARD = "gnu++14";
				CLANG_CXX_LIBRARY = "libc++";
				CLANG_ENABLE_MODULES = YES;
				CLANG_ENABLE_OBJC_ARC = YES;
				CLANG_ENABLE_OBJC_WEAK = YES;
				CLANG_WARN_BLOCK_CAPTURE_AUTORELEASING = YES;
				CLANG_WARN_BOOL_CONVERSION = YES;
				CLANG_WARN_COMMA = YES;
				CLANG_WARN_CONSTANT_CONVERSION = YES;
				CLANG_WARN_DEPRECATED_OBJC_IMPLEMENTATIONS = YES;
				CLANG_WARN_DIRECT_OBJC_ISA_USAGE = YES_ERROR;
				CLANG_WARN_DOCUMENTATION_COMMENTS = YES;
				CLANG_WARN_EMPTY_BODY = YES;
				CLANG_WARN_ENUM_CONVERSION = YES;
				CLANG_WARN_INFINITE_RECURSION = YES;
				CLANG_WARN_INT_CONVERSION = YES;
				CLANG_WARN_NON_LITERAL_NULL_CONVERSION = YES;
				CLANG_WARN_OBJC_IMPLICIT_RETAIN_SELF = YES;
				CLANG_WARN_OBJC_LITERAL_CONVERSION = YES;
				CLANG_WARN_OBJC_ROOT_CLASS = YES_ERROR;
				CLANG_WARN_RANGE_LOOP_ANALYSIS = YES;
				CLANG_WARN_STRICT_PROTOTYPES = YES;
				CLANG_WARN_SUSPICIOUS_MOVE = YES;
				CLANG_WARN_UNGUARDED_AVAILABILITY = YES_AGGRESSIVE;
				CLANG_WARN_UNREACHABLE_CODE = YES;
				CLANG_WARN__DUPLICATE_METHOD_MATCH = YES;
				CODE_SIGN_IDENTITY = "iPhone Developer";
				COPY_PHASE_STRIP = NO;
				DEBUG_INFORMATION_FORMAT = "dwarf-with-dsym";
				ENABLE_NS_ASSERTIONS = NO;
				ENABLE_STRICT_OBJC_MSGSEND = YES;
				GCC_C_LANGUAGE_STANDARD = gnu11;
				GCC_NO_COMMON_BLOCKS = YES;
				GCC_WARN_64_TO_32_BIT_CONVERSION = YES;
				GCC_WARN_ABOUT_RETURN_TYPE = YES_ERROR;
				GCC_WARN_UNDECLARED_SELECTOR = YES;
				GCC_WARN_UNINITIALIZED_AUTOS = YES_AGGRESSIVE;
				GCC_WARN_UNUSED_FUNCTION = YES;
				GCC_WARN_UNUSED_VARIABLE = YES;
				IPHONEOS_DEPLOYMENT_TARGET = 11.4;
				MTL_ENABLE_DEBUG_INFO = NO;
				SDKROOT = iphoneos;
				SWIFT_COMPILATION_MODE = wholemodule;
				SWIFT_OPTIMIZATION_LEVEL = "-O";
				VALIDATE_PRODUCT = YES;
			};
			name = Release;
		};
		C6DA03D12132E1B200797434 /* Debug */ = {
			isa = XCBuildConfiguration;
			buildSettings = {
				ALWAYS_EMBED_SWIFT_STANDARD_LIBRARIES = YES;
				ASSETCATALOG_COMPILER_APPICON_NAME = AppIcon;
				CODE_SIGN_STYLE = Automatic;
				DEVELOPMENT_TEAM = C9927DY824;
				FRAMEWORK_SEARCH_PATHS = (
					"($(PROJECT_DIR)/Carthage/Build/iOS)",
					"$(inherited)",
					"$(PROJECT_DIR)",
				);
				INFOPLIST_FILE = Akari_Trial/Info.plist;
				LD_RUNPATH_SEARCH_PATHS = (
					"$(inherited)",
					"@executable_path/Frameworks",
				);
				PRODUCT_BUNDLE_IDENTIFIER = "TEU.Akari-Trial";
				PRODUCT_NAME = "$(TARGET_NAME)";
				SWIFT_VERSION = 4.0;
				TARGETED_DEVICE_FAMILY = "1,2";
			};
			name = Debug;
		};
		C6DA03D22132E1B200797434 /* Release */ = {
			isa = XCBuildConfiguration;
			buildSettings = {
				ALWAYS_EMBED_SWIFT_STANDARD_LIBRARIES = YES;
				ASSETCATALOG_COMPILER_APPICON_NAME = AppIcon;
				CODE_SIGN_STYLE = Automatic;
				DEVELOPMENT_TEAM = C9927DY824;
				FRAMEWORK_SEARCH_PATHS = (
					"($(PROJECT_DIR)/Carthage/Build/iOS)",
					"$(inherited)",
					"$(PROJECT_DIR)",
				);
				INFOPLIST_FILE = Akari_Trial/Info.plist;
				LD_RUNPATH_SEARCH_PATHS = (
					"$(inherited)",
					"@executable_path/Frameworks",
				);
				PRODUCT_BUNDLE_IDENTIFIER = "TEU.Akari-Trial";
				PRODUCT_NAME = "$(TARGET_NAME)";
				SWIFT_VERSION = 4.0;
				TARGETED_DEVICE_FAMILY = "1,2";
			};
			name = Release;
		};
		C6DA03D42132E1B200797434 /* Debug */ = {
			isa = XCBuildConfiguration;
			buildSettings = {
				ALWAYS_EMBED_SWIFT_STANDARD_LIBRARIES = YES;
				BUNDLE_LOADER = "$(TEST_HOST)";
				CODE_SIGN_STYLE = Automatic;
				INFOPLIST_FILE = Akari_TrialTests/Info.plist;
				LD_RUNPATH_SEARCH_PATHS = (
					"$(inherited)",
					"@executable_path/Frameworks",
					"@loader_path/Frameworks",
				);
				PRODUCT_BUNDLE_IDENTIFIER = "TEU.Akari-TrialTests";
				PRODUCT_NAME = "$(TARGET_NAME)";
				SWIFT_VERSION = 4.0;
				TARGETED_DEVICE_FAMILY = "1,2";
				TEST_HOST = "$(BUILT_PRODUCTS_DIR)/Akari_Trial.app/Akari_Trial";
			};
			name = Debug;
		};
		C6DA03D52132E1B200797434 /* Release */ = {
			isa = XCBuildConfiguration;
			buildSettings = {
				ALWAYS_EMBED_SWIFT_STANDARD_LIBRARIES = YES;
				BUNDLE_LOADER = "$(TEST_HOST)";
				CODE_SIGN_STYLE = Automatic;
				INFOPLIST_FILE = Akari_TrialTests/Info.plist;
				LD_RUNPATH_SEARCH_PATHS = (
					"$(inherited)",
					"@executable_path/Frameworks",
					"@loader_path/Frameworks",
				);
				PRODUCT_BUNDLE_IDENTIFIER = "TEU.Akari-TrialTests";
				PRODUCT_NAME = "$(TARGET_NAME)";
				SWIFT_VERSION = 4.0;
				TARGETED_DEVICE_FAMILY = "1,2";
				TEST_HOST = "$(BUILT_PRODUCTS_DIR)/Akari_Trial.app/Akari_Trial";
			};
			name = Release;
		};
		C6DA03D72132E1B200797434 /* Debug */ = {
			isa = XCBuildConfiguration;
			buildSettings = {
				ALWAYS_EMBED_SWIFT_STANDARD_LIBRARIES = YES;
				CODE_SIGN_STYLE = Automatic;
				INFOPLIST_FILE = Akari_TrialUITests/Info.plist;
				LD_RUNPATH_SEARCH_PATHS = (
					"$(inherited)",
					"@executable_path/Frameworks",
					"@loader_path/Frameworks",
				);
				PRODUCT_BUNDLE_IDENTIFIER = "TEU.Akari-TrialUITests";
				PRODUCT_NAME = "$(TARGET_NAME)";
				SWIFT_VERSION = 4.0;
				TARGETED_DEVICE_FAMILY = "1,2";
				TEST_TARGET_NAME = Akari_Trial;
			};
			name = Debug;
		};
		C6DA03D82132E1B200797434 /* Release */ = {
			isa = XCBuildConfiguration;
			buildSettings = {
				ALWAYS_EMBED_SWIFT_STANDARD_LIBRARIES = YES;
				CODE_SIGN_STYLE = Automatic;
				INFOPLIST_FILE = Akari_TrialUITests/Info.plist;
				LD_RUNPATH_SEARCH_PATHS = (
					"$(inherited)",
					"@executable_path/Frameworks",
					"@loader_path/Frameworks",
				);
				PRODUCT_BUNDLE_IDENTIFIER = "TEU.Akari-TrialUITests";
				PRODUCT_NAME = "$(TARGET_NAME)";
				SWIFT_VERSION = 4.0;
				TARGETED_DEVICE_FAMILY = "1,2";
				TEST_TARGET_NAME = Akari_Trial;
			};
			name = Release;
		};
/* End XCBuildConfiguration section */

/* Begin XCConfigurationList section */
		C6DA03A32132E1AE00797434 /* Build configuration list for PBXProject "Akari_Trial" */ = {
			isa = XCConfigurationList;
			buildConfigurations = (
				C6DA03CE2132E1B200797434 /* Debug */,
				C6DA03CF2132E1B200797434 /* Release */,
			);
			defaultConfigurationIsVisible = 0;
			defaultConfigurationName = Release;
		};
		C6DA03D02132E1B200797434 /* Build configuration list for PBXNativeTarget "Akari_Trial" */ = {
			isa = XCConfigurationList;
			buildConfigurations = (
				C6DA03D12132E1B200797434 /* Debug */,
				C6DA03D22132E1B200797434 /* Release */,
			);
			defaultConfigurationIsVisible = 0;
			defaultConfigurationName = Release;
		};
		C6DA03D32132E1B200797434 /* Build configuration list for PBXNativeTarget "Akari_TrialTests" */ = {
			isa = XCConfigurationList;
			buildConfigurations = (
				C6DA03D42132E1B200797434 /* Debug */,
				C6DA03D52132E1B200797434 /* Release */,
			);
			defaultConfigurationIsVisible = 0;
			defaultConfigurationName = Release;
		};
		C6DA03D62132E1B200797434 /* Build configuration list for PBXNativeTarget "Akari_TrialUITests" */ = {
			isa = XCConfigurationList;
			buildConfigurations = (
				C6DA03D72132E1B200797434 /* Debug */,
				C6DA03D82132E1B200797434 /* Release */,
			);
			defaultConfigurationIsVisible = 0;
			defaultConfigurationName = Release;
		};
/* End XCConfigurationList section */
	};
	rootObject = C6DA03A02132E1AE00797434 /* Project object */;
}
